
Microsoft Visual Studio Solution File, Format Version 12.00
# Visual Studio Version 17
VisualStudioVersion = 17.1.31911.260
MinimumVisualStudioVersion = 10.0.40219.1
Project("{FAE04EC0-301F-11D3-BF4B-00C04F79EFBC}") = "fdata_dump", "fdata_dump.csproj", "{1607F1B0-C4A8-48D6-BBAF-FEB5EA3D8D99}"
EndProject
Global
	GlobalSection(SolutionConfigurationPlatforms) = preSolution
		Debug|Any CPU = Debug|Any CPU
		Release|Any CPU = Release|Any CPU
	EndGlobalSection
	GlobalSection(ProjectConfigurationPlatforms) = postSolution
		{1607F1B0-C4A8-48D6-BBAF-FEB5EA3D8D99}.Debug|Any CPU.ActiveCfg = Debug|Any CPU
		{1607F1B0-C4A8-48D6-BBAF-FEB5EA3D8D99}.Debug|Any CPU.Build.0 = Debug|Any CPU
		{1607F1B0-C4A8-48D6-BBAF-FEB5EA3D8D99}.Release|Any CPU.ActiveCfg = Release|Any CPU
		{1607F1B0-C4A8-48D6-BBAF-FEB5EA3D8D99}.Release|Any CPU.Build.0 = Release|Any CPU
	EndGlobalSection
	GlobalSection(SolutionProperties) = preSolution
		HideSolutionNode = FALSE
	EndGlobalSection
	GlobalSection(ExtensibilityGlobals) = postSolution
		SolutionGuid = {4EE7E982-6ADD-4C15-BA51-358850F3FD54}
	EndGlobalSection
EndGlobal
